
Microsoft Visual Studio Solution File, Format Version 12.00
# Visual Studio 14
VisualStudioVersion = 14.0.25420.1
MinimumVisualStudioVersion = 10.0.40219.1
Project("{FAE04EC0-301F-11D3-BF4B-00C04F79EFBC}") = "TDD-Coca-Cola", "TDD-Coca-Cola\TDD-Coca-Cola.csproj", "{721BC6A8-CC7F-4201-86FF-534DCBAE3A72}"
EndProject
Project("{FAE04EC0-301F-11D3-BF4B-00C04F79EFBC}") = "TDD-Coca-Cola.Tester", "TDD-Coca-Cola.Tester\TDD-Coca-Cola.Tester.csproj", "{AEB5080B-F235-4EA4-B851-882DD1880289}"
EndProject
Global
	GlobalSection(SolutionConfigurationPlatforms) = preSolution
		Debug|Any CPU = Debug|Any CPU
		Release|Any CPU = Release|Any CPU
	EndGlobalSection
	GlobalSection(ProjectConfigurationPlatforms) = postSolution
		{721BC6A8-CC7F-4201-86FF-534DCBAE3A72}.Debug|Any CPU.ActiveCfg = Debug|Any CPU
		{721BC6A8-CC7F-4201-86FF-534DCBAE3A72}.Debug|Any CPU.Build.0 = Debug|Any CPU
		{721BC6A8-CC7F-4201-86FF-534DCBAE3A72}.Release|Any CPU.ActiveCfg = Release|Any CPU
		{721BC6A8-CC7F-4201-86FF-534DCBAE3A72}.Release|Any CPU.Build.0 = Release|Any CPU
		{AEB5080B-F235-4EA4-B851-882DD1880289}.Debug|Any CPU.ActiveCfg = Debug|Any CPU
		{AEB5080B-F235-4EA4-B851-882DD1880289}.Debug|Any CPU.Build.0 = Debug|Any CPU
		{AEB5080B-F235-4EA4-B851-882DD1880289}.Release|Any CPU.ActiveCfg = Release|Any CPU
		{AEB5080B-F235-4EA4-B851-882DD1880289}.Release|Any CPU.Build.0 = Release|Any CPU
	EndGlobalSection
	GlobalSection(SolutionProperties) = preSolution
		HideSolutionNode = FALSE
	EndGlobalSection
EndGlobal
